
Microsoft Visual Studio Solution File, Format Version 12.00
# Visual Studio Version 16
VisualStudioVersion = 16.0.30413.136
MinimumVisualStudioVersion = 10.0.40219.1
Project("{FAE04EC0-301F-11D3-BF4B-00C04F79EFBC}") = "Zork", "Zork\Zork.csproj", "{EC2BD6CA-E32F-4F34-ADCC-887C7BE83723}"
EndProject
Global
	GlobalSection(SolutionConfigurationPlatforms) = preSolution
		Debug|Any CPU = Debug|Any CPU
		Release|Any CPU = Release|Any CPU
	EndGlobalSection
	GlobalSection(ProjectConfigurationPlatforms) = postSolution
		{EC2BD6CA-E32F-4F34-ADCC-887C7BE83723}.Debug|Any CPU.ActiveCfg = Debug|Any CPU
		{EC2BD6CA-E32F-4F34-ADCC-887C7BE83723}.Debug|Any CPU.Build.0 = Debug|Any CPU
		{EC2BD6CA-E32F-4F34-ADCC-887C7BE83723}.Release|Any CPU.ActiveCfg = Release|Any CPU
		{EC2BD6CA-E32F-4F34-ADCC-887C7BE83723}.Release|Any CPU.Build.0 = Release|Any CPU
	EndGlobalSection
	GlobalSection(SolutionProperties) = preSolution
		HideSolutionNode = FALSE
	EndGlobalSection
	GlobalSection(ExtensibilityGlobals) = postSolution
		SolutionGuid = {C62F317A-E706-458B-9933-B483F0F6EEBE}
	EndGlobalSection
EndGlobal
